
Microsoft Visual Studio Solution File, Format Version 12.00
# Visual Studio Version 17
VisualStudioVersion = 17.14.36327.8
MinimumVisualStudioVersion = 10.0.40219.1
Project("{FAE04EC0-301F-11D3-BF4B-00C04F79EFBC}") = "Policare.API", "src\Policare.API\Policare.API.csproj", "{3F6A869F-E740-4C85-A5EA-C43B385217E5}"
EndProject
Project("{2150E333-8FDC-42A3-9474-1A3956D46DE8}") = "src", "src", "{6C83A596-D32D-B35F-00DD-F0C99B673980}"
EndProject
Project("{2150E333-8FDC-42A3-9474-1A3956D46DE8}") = "docker", "docker", "{5991FF48-E618-4849-B332-E78B6FAB64BA}"
EndProject
Project("{FAE04EC0-301F-11D3-BF4B-00C04F79EFBC}") = "Policare.Core", "src\Policare.Core\Policare.Core.csproj", "{166F03EE-E83C-4D9A-8006-717ED2328200}"
EndProject
Project("{FAE04EC0-301F-11D3-BF4B-00C04F79EFBC}") = "PoliCare.Infrastructure", "src\PoliCare.Infrastructure\PoliCare.Infrastructure.csproj", "{4084F2EE-22A9-435B-83A3-D49552142482}"
EndProject
Project("{FAE04EC0-301F-11D3-BF4B-00C04F79EFBC}") = "PoliCare.Services", "src\PoliCare.Services\PoliCare.Services.csproj", "{41F1DB9E-959E-4974-BC59-ED6BF1E2EF22}"
EndProject
Project("{2150E333-8FDC-42A3-9474-1A3956D46DE8}") = "tests", "tests", "{0AB3BF05-4346-4AA6-1389-037BE0695223}"
EndProject
Project("{2150E333-8FDC-42A3-9474-1A3956D46DE8}") = "Policare.Tests", "Policare.Tests", "{20799A88-713B-6811-1392-DC5F745CDA31}"
EndProject
Project("{FAE04EC0-301F-11D3-BF4B-00C04F79EFBC}") = "PoliCare.Tests", "tests\Policare.Tests\PoliCare.Tests.csproj", "{680C3160-C2AD-4185-8E69-7FA8BA9A1EFE}"
EndProject
Global
	GlobalSection(SolutionConfigurationPlatforms) = preSolution
		Debug|Any CPU = Debug|Any CPU
		Debug|x64 = Debug|x64
		Debug|x86 = Debug|x86
		Release|Any CPU = Release|Any CPU
		Release|x64 = Release|x64
		Release|x86 = Release|x86
	EndGlobalSection
	GlobalSection(ProjectConfigurationPlatforms) = postSolution
		{3F6A869F-E740-4C85-A5EA-C43B385217E5}.Debug|Any CPU.ActiveCfg = Debug|Any CPU
		{3F6A869F-E740-4C85-A5EA-C43B385217E5}.Debug|Any CPU.Build.0 = Debug|Any CPU
		{3F6A869F-E740-4C85-A5EA-C43B385217E5}.Debug|x64.ActiveCfg = Debug|Any CPU
		{3F6A869F-E740-4C85-A5EA-C43B385217E5}.Debug|x64.Build.0 = Debug|Any CPU
		{3F6A869F-E740-4C85-A5EA-C43B385217E5}.Debug|x86.ActiveCfg = Debug|Any CPU
		{3F6A869F-E740-4C85-A5EA-C43B385217E5}.Debug|x86.Build.0 = Debug|Any CPU
		{3F6A869F-E740-4C85-A5EA-C43B385217E5}.Release|Any CPU.ActiveCfg = Release|Any CPU
		{3F6A869F-E740-4C85-A5EA-C43B385217E5}.Release|Any CPU.Build.0 = Release|Any CPU
		{3F6A869F-E740-4C85-A5EA-C43B385217E5}.Release|x64.ActiveCfg = Release|Any CPU
		{3F6A869F-E740-4C85-A5EA-C43B385217E5}.Release|x64.Build.0 = Release|Any CPU
		{3F6A869F-E740-4C85-A5EA-C43B385217E5}.Release|x86.ActiveCfg = Release|Any CPU
		{3F6A869F-E740-4C85-A5EA-C43B385217E5}.Release|x86.Build.0 = Release|Any CPU
		{166F03EE-E83C-4D9A-8006-717ED2328200}.Debug|Any CPU.ActiveCfg = Debug|Any CPU
		{166F03EE-E83C-4D9A-8006-717ED2328200}.Debug|Any CPU.Build.0 = Debug|Any CPU
		{166F03EE-E83C-4D9A-8006-717ED2328200}.Debug|x64.ActiveCfg = Debug|Any CPU
		{166F03EE-E83C-4D9A-8006-717ED2328200}.Debug|x64.Build.0 = Debug|Any CPU
		{166F03EE-E83C-4D9A-8006-717ED2328200}.Debug|x86.ActiveCfg = Debug|Any CPU
		{166F03EE-E83C-4D9A-8006-717ED2328200}.Debug|x86.Build.0 = Debug|Any CPU
		{166F03EE-E83C-4D9A-8006-717ED2328200}.Release|Any CPU.ActiveCfg = Release|Any CPU
		{166F03EE-E83C-4D9A-8006-717ED2328200}.Release|Any CPU.Build.0 = Release|Any CPU
		{166F03EE-E83C-4D9A-8006-717ED2328200}.Release|x64.ActiveCfg = Release|Any CPU
		{166F03EE-E83C-4D9A-8006-717ED2328200}.Release|x64.Build.0 = Release|Any CPU
		{166F03EE-E83C-4D9A-8006-717ED2328200}.Release|x86.ActiveCfg = Release|Any CPU
		{166F03EE-E83C-4D9A-8006-717ED2328200}.Release|x86.Build.0 = Release|Any CPU
		{4084F2EE-22A9-435B-83A3-D49552142482}.Debug|Any CPU.ActiveCfg = Debug|Any CPU
		{4084F2EE-22A9-435B-83A3-D49552142482}.Debug|Any CPU.Build.0 = Debug|Any CPU
		{4084F2EE-22A9-435B-83A3-D49552142482}.Debug|x64.ActiveCfg = Debug|Any CPU
		{4084F2EE-22A9-435B-83A3-D49552142482}.Debug|x64.Build.0 = Debug|Any CPU
		{4084F2EE-22A9-435B-83A3-D49552142482}.Debug|x86.ActiveCfg = Debug|Any CPU
		{4084F2EE-22A9-435B-83A3-D49552142482}.Debug|x86.Build.0 = Debug|Any CPU
		{4084F2EE-22A9-435B-83A3-D49552142482}.Release|Any CPU.ActiveCfg = Release|Any CPU
		{4084F2EE-22A9-435B-83A3-D49552142482}.Release|Any CPU.Build.0 = Release|Any CPU
		{4084F2EE-22A9-435B-83A3-D49552142482}.Release|x64.ActiveCfg = Release|Any CPU
		{4084F2EE-22A9-435B-83A3-D49552142482}.Release|x64.Build.0 = Release|Any CPU
		{4084F2EE-22A9-435B-83A3-D49552142482}.Release|x86.ActiveCfg = Release|Any CPU
		{4084F2EE-22A9-435B-83A3-D49552142482}.Release|x86.Build.0 = Release|Any CPU
		{41F1DB9E-959E-4974-BC59-ED6BF1E2EF22}.Debug|Any CPU.ActiveCfg = Debug|Any CPU
		{41F1DB9E-959E-4974-BC59-ED6BF1E2EF22}.Debug|Any CPU.Build.0 = Debug|Any CPU
		{41F1DB9E-959E-4974-BC59-ED6BF1E2EF22}.Debug|x64.ActiveCfg = Debug|Any CPU
		{41F1DB9E-959E-4974-BC59-ED6BF1E2EF22}.Debug|x64.Build.0 = Debug|Any CPU
		{41F1DB9E-959E-4974-BC59-ED6BF1E2EF22}.Debug|x86.ActiveCfg = Debug|Any CPU
		{41F1DB9E-959E-4974-BC59-ED6BF1E2EF22}.Debug|x86.Build.0 = Debug|Any CPU
		{41F1DB9E-959E-4974-BC59-ED6BF1E2EF22}.Release|Any CPU.ActiveCfg = Release|Any CPU
		{41F1DB9E-959E-4974-BC59-ED6BF1E2EF22}.Release|Any CPU.Build.0 = Release|Any CPU
		{41F1DB9E-959E-4974-BC59-ED6BF1E2EF22}.Release|x64.ActiveCfg = Release|Any CPU
		{41F1DB9E-959E-4974-BC59-ED6BF1E2EF22}.Release|x64.Build.0 = Release|Any CPU
		{41F1DB9E-959E-4974-BC59-ED6BF1E2EF22}.Release|x86.ActiveCfg = Release|Any CPU
		{41F1DB9E-959E-4974-BC59-ED6BF1E2EF22}.Release|x86.Build.0 = Release|Any CPU
		{680C3160-C2AD-4185-8E69-7FA8BA9A1EFE}.Debug|Any CPU.ActiveCfg = Debug|Any CPU
		{680C3160-C2AD-4185-8E69-7FA8BA9A1EFE}.Debug|Any CPU.Build.0 = Debug|Any CPU
		{680C3160-C2AD-4185-8E69-7FA8BA9A1EFE}.Debug|x64.ActiveCfg = Debug|Any CPU
		{680C3160-C2AD-4185-8E69-7FA8BA9A1EFE}.Debug|x64.Build.0 = Debug|Any CPU
		{680C3160-C2AD-4185-8E69-7FA8BA9A1EFE}.Debug|x86.ActiveCfg = Debug|Any CPU
		{680C3160-C2AD-4185-8E69-7FA8BA9A1EFE}.Debug|x86.Build.0 = Debug|Any CPU
		{680C3160-C2AD-4185-8E69-7FA8BA9A1EFE}.Release|Any CPU.ActiveCfg = Release|Any CPU
		{680C3160-C2AD-4185-8E69-7FA8BA9A1EFE}.Release|Any CPU.Build.0 = Release|Any CPU
		{680C3160-C2AD-4185-8E69-7FA8BA9A1EFE}.Release|x64.ActiveCfg = Release|Any CPU
		{680C3160-C2AD-4185-8E69-7FA8BA9A1EFE}.Release|x64.Build.0 = Release|Any CPU
		{680C3160-C2AD-4185-8E69-7FA8BA9A1EFE}.Release|x86.ActiveCfg = Release|Any CPU
		{680C3160-C2AD-4185-8E69-7FA8BA9A1EFE}.Release|x86.Build.0 = Release|Any CPU
	EndGlobalSection
	GlobalSection(SolutionProperties) = preSolution
		HideSolutionNode = FALSE
	EndGlobalSection
	GlobalSection(NestedProjects) = preSolution
		{3F6A869F-E740-4C85-A5EA-C43B385217E5} = {6C83A596-D32D-B35F-00DD-F0C99B673980}
		{166F03EE-E83C-4D9A-8006-717ED2328200} = {6C83A596-D32D-B35F-00DD-F0C99B673980}
		{4084F2EE-22A9-435B-83A3-D49552142482} = {6C83A596-D32D-B35F-00DD-F0C99B673980}
		{41F1DB9E-959E-4974-BC59-ED6BF1E2EF22} = {6C83A596-D32D-B35F-00DD-F0C99B673980}
		{20799A88-713B-6811-1392-DC5F745CDA31} = {0AB3BF05-4346-4AA6-1389-037BE0695223}
		{680C3160-C2AD-4185-8E69-7FA8BA9A1EFE} = {20799A88-713B-6811-1392-DC5F745CDA31}
	EndGlobalSection
	GlobalSection(ExtensibilityGlobals) = postSolution
		SolutionGuid = {AD05068C-A0FD-4C52-8CED-830D96EE55E9}
	EndGlobalSection
EndGlobal
